
Microsoft Visual Studio Solution File, Format Version 12.00
# Visual Studio Version 16
VisualStudioVersion = 16.0.29519.87
MinimumVisualStudioVersion = 10.0.40219.1
Project("{FAE04EC0-301F-11D3-BF4B-00C04F79EFBC}") = "ShapesLibrary", "ShapesLibrary\ShapesLibrary.csproj", "{280EAA1E-0DCD-4DBF-AC9A-7EC9673AC0FA}"
EndProject
Project("{FAE04EC0-301F-11D3-BF4B-00C04F79EFBC}") = "BoxLibrary", "BoxLibrary\BoxLibrary.csproj", "{C9948007-E383-45EC-A268-EBAC6A0BF24C}"
EndProject
Project("{FAE04EC0-301F-11D3-BF4B-00C04F79EFBC}") = "BoxLibraryTest", "BoxLibraryTest\BoxLibraryTest.csproj", "{47357BEA-1019-4BE1-A278-23F839B78C3F}"
EndProject
Project("{FAE04EC0-301F-11D3-BF4B-00C04F79EFBC}") = "ShapesLibraryTest", "ShapesLibraryTest\ShapesLibraryTest.csproj", "{3CD48C6E-42BD-4BB4-A753-C3541A372DD2}"
EndProject
Global
	GlobalSection(SolutionConfigurationPlatforms) = preSolution
		Debug|Any CPU = Debug|Any CPU
		Release|Any CPU = Release|Any CPU
	EndGlobalSection
	GlobalSection(ProjectConfigurationPlatforms) = postSolution
		{280EAA1E-0DCD-4DBF-AC9A-7EC9673AC0FA}.Debug|Any CPU.ActiveCfg = Debug|Any CPU
		{280EAA1E-0DCD-4DBF-AC9A-7EC9673AC0FA}.Debug|Any CPU.Build.0 = Debug|Any CPU
		{280EAA1E-0DCD-4DBF-AC9A-7EC9673AC0FA}.Release|Any CPU.ActiveCfg = Release|Any CPU
		{280EAA1E-0DCD-4DBF-AC9A-7EC9673AC0FA}.Release|Any CPU.Build.0 = Release|Any CPU
		{C9948007-E383-45EC-A268-EBAC6A0BF24C}.Debug|Any CPU.ActiveCfg = Debug|Any CPU
		{C9948007-E383-45EC-A268-EBAC6A0BF24C}.Debug|Any CPU.Build.0 = Debug|Any CPU
		{C9948007-E383-45EC-A268-EBAC6A0BF24C}.Release|Any CPU.ActiveCfg = Release|Any CPU
		{C9948007-E383-45EC-A268-EBAC6A0BF24C}.Release|Any CPU.Build.0 = Release|Any CPU
		{47357BEA-1019-4BE1-A278-23F839B78C3F}.Debug|Any CPU.ActiveCfg = Debug|Any CPU
		{47357BEA-1019-4BE1-A278-23F839B78C3F}.Debug|Any CPU.Build.0 = Debug|Any CPU
		{47357BEA-1019-4BE1-A278-23F839B78C3F}.Release|Any CPU.ActiveCfg = Release|Any CPU
		{47357BEA-1019-4BE1-A278-23F839B78C3F}.Release|Any CPU.Build.0 = Release|Any CPU
		{3CD48C6E-42BD-4BB4-A753-C3541A372DD2}.Debug|Any CPU.ActiveCfg = Debug|Any CPU
		{3CD48C6E-42BD-4BB4-A753-C3541A372DD2}.Debug|Any CPU.Build.0 = Debug|Any CPU
		{3CD48C6E-42BD-4BB4-A753-C3541A372DD2}.Release|Any CPU.ActiveCfg = Release|Any CPU
		{3CD48C6E-42BD-4BB4-A753-C3541A372DD2}.Release|Any CPU.Build.0 = Release|Any CPU
	EndGlobalSection
	GlobalSection(SolutionProperties) = preSolution
		HideSolutionNode = FALSE
	EndGlobalSection
	GlobalSection(ExtensibilityGlobals) = postSolution
		SolutionGuid = {47B4DEA3-5749-4CDA-AA13-79F8CCE85F6E}
	EndGlobalSection
EndGlobal
