
Microsoft Visual Studio Solution File, Format Version 12.00
# Visual Studio Version 16
VisualStudioVersion = 16.0.29519.87
MinimumVisualStudioVersion = 10.0.40219.1
Project("{FAE04EC0-301F-11D3-BF4B-00C04F79EFBC}") = "MathObjects", "MathObjects\MathObjects.csproj", "{BC02902E-6740-4201-908A-BF22C5FAE10C}"
EndProject
Project("{FAE04EC0-301F-11D3-BF4B-00C04F79EFBC}") = "MathObjectsTest", "MathObjectsTest\MathObjectsTest.csproj", "{77B3F34E-515C-48F2-8CBD-E001E592F05F}"
EndProject
Global
	GlobalSection(SolutionConfigurationPlatforms) = preSolution
		Debug|Any CPU = Debug|Any CPU
		Release|Any CPU = Release|Any CPU
	EndGlobalSection
	GlobalSection(ProjectConfigurationPlatforms) = postSolution
		{BC02902E-6740-4201-908A-BF22C5FAE10C}.Debug|Any CPU.ActiveCfg = Debug|Any CPU
		{BC02902E-6740-4201-908A-BF22C5FAE10C}.Debug|Any CPU.Build.0 = Debug|Any CPU
		{BC02902E-6740-4201-908A-BF22C5FAE10C}.Release|Any CPU.ActiveCfg = Release|Any CPU
		{BC02902E-6740-4201-908A-BF22C5FAE10C}.Release|Any CPU.Build.0 = Release|Any CPU
		{77B3F34E-515C-48F2-8CBD-E001E592F05F}.Debug|Any CPU.ActiveCfg = Debug|Any CPU
		{77B3F34E-515C-48F2-8CBD-E001E592F05F}.Debug|Any CPU.Build.0 = Debug|Any CPU
		{77B3F34E-515C-48F2-8CBD-E001E592F05F}.Release|Any CPU.ActiveCfg = Release|Any CPU
		{77B3F34E-515C-48F2-8CBD-E001E592F05F}.Release|Any CPU.Build.0 = Release|Any CPU
	EndGlobalSection
	GlobalSection(SolutionProperties) = preSolution
		HideSolutionNode = FALSE
	EndGlobalSection
	GlobalSection(ExtensibilityGlobals) = postSolution
		SolutionGuid = {0A40B77A-F951-4D35-9AFF-412BE94F65EF}
	EndGlobalSection
EndGlobal
